
Microsoft Visual Studio Solution File, Format Version 12.00
# Visual Studio Version 17
VisualStudioVersion = 17.0.31903.59
MinimumVisualStudioVersion = 10.0.40219.1
Project("{FAE04EC0-301F-11D3-BF4B-00C04F79EFBC}") = "CloudSales.Application.Tests", "CloudSales.Application.Tests\CloudSales.Application.Tests.csproj", "{56727742-CEA6-44BB-B9E9-A0ABB21548AE}"
EndProject
Project("{FAE04EC0-301F-11D3-BF4B-00C04F79EFBC}") = "CloudSales.Application", "..\src\CloudSales.Application\CloudSales.Application.csproj", "{7647CD05-96EA-40DA-B709-5F2AA8D9A3B0}"
EndProject
Project("{FAE04EC0-301F-11D3-BF4B-00C04F79EFBC}") = "CloudSales.Core", "..\src\CloudSales.Core\CloudSales.Core.csproj", "{215B2906-D558-4E10-A228-BE899AD55711}"
EndProject
Global
	GlobalSection(SolutionConfigurationPlatforms) = preSolution
		Debug|Any CPU = Debug|Any CPU
		Release|Any CPU = Release|Any CPU
	EndGlobalSection
	GlobalSection(SolutionProperties) = preSolution
		HideSolutionNode = FALSE
	EndGlobalSection
	GlobalSection(ProjectConfigurationPlatforms) = postSolution
		{56727742-CEA6-44BB-B9E9-A0ABB21548AE}.Debug|Any CPU.ActiveCfg = Debug|Any CPU
		{56727742-CEA6-44BB-B9E9-A0ABB21548AE}.Debug|Any CPU.Build.0 = Debug|Any CPU
		{56727742-CEA6-44BB-B9E9-A0ABB21548AE}.Release|Any CPU.ActiveCfg = Release|Any CPU
		{56727742-CEA6-44BB-B9E9-A0ABB21548AE}.Release|Any CPU.Build.0 = Release|Any CPU
		{7647CD05-96EA-40DA-B709-5F2AA8D9A3B0}.Debug|Any CPU.ActiveCfg = Debug|Any CPU
		{7647CD05-96EA-40DA-B709-5F2AA8D9A3B0}.Debug|Any CPU.Build.0 = Debug|Any CPU
		{7647CD05-96EA-40DA-B709-5F2AA8D9A3B0}.Release|Any CPU.ActiveCfg = Release|Any CPU
		{7647CD05-96EA-40DA-B709-5F2AA8D9A3B0}.Release|Any CPU.Build.0 = Release|Any CPU
		{215B2906-D558-4E10-A228-BE899AD55711}.Debug|Any CPU.ActiveCfg = Debug|Any CPU
		{215B2906-D558-4E10-A228-BE899AD55711}.Debug|Any CPU.Build.0 = Debug|Any CPU
		{215B2906-D558-4E10-A228-BE899AD55711}.Release|Any CPU.ActiveCfg = Release|Any CPU
		{215B2906-D558-4E10-A228-BE899AD55711}.Release|Any CPU.Build.0 = Release|Any CPU
	EndGlobalSection
EndGlobal
